
Microsoft Visual Studio Solution File, Format Version 12.00
# Visual Studio Version 17
VisualStudioVersion = 17.9.34714.143
MinimumVisualStudioVersion = 10.0.40219.1
Project("{9A19103F-16F7-4668-BE54-9A1E7A4F7556}") = "DTJ", "DTJ\DTJ.csproj", "{99949175-3F77-4B25-A486-4B962439F89B}"
EndProject
Global
	GlobalSection(SolutionConfigurationPlatforms) = preSolution
		Debug|Any CPU = Debug|Any CPU
		Release|Any CPU = Release|Any CPU
	EndGlobalSection
	GlobalSection(ProjectConfigurationPlatforms) = postSolution
		{99949175-3F77-4B25-A486-4B962439F89B}.Debug|Any CPU.ActiveCfg = Debug|Any CPU
		{99949175-3F77-4B25-A486-4B962439F89B}.Debug|Any CPU.Build.0 = Debug|Any CPU
		{99949175-3F77-4B25-A486-4B962439F89B}.Release|Any CPU.ActiveCfg = Release|Any CPU
		{99949175-3F77-4B25-A486-4B962439F89B}.Release|Any CPU.Build.0 = Release|Any CPU
	EndGlobalSection
	GlobalSection(SolutionProperties) = preSolution
		HideSolutionNode = FALSE
	EndGlobalSection
	GlobalSection(ExtensibilityGlobals) = postSolution
		SolutionGuid = {53D3CB52-D2B5-4917-A1EF-DEF33B40DE53}
	EndGlobalSection
EndGlobal
